
Microsoft Visual Studio Solution File, Format Version 12.00
# Visual Studio 2013
VisualStudioVersion = 12.0.30501.0
MinimumVisualStudioVersion = 10.0.40219.1
Project("{FAE04EC0-301F-11D3-BF4B-00C04F79EFBC}") = "UniAppKids.Web", "Uni-APPKids\UniAppKids.Web.csproj", "{9B8BF380-7F42-4F02-8107-2C03CA88527C}"
EndProject
Project("{FAE04EC0-301F-11D3-BF4B-00C04F79EFBC}") = "UniAppKids.Core", "Uni-AppKids.Core\UniAppKids.Core.csproj", "{3DB56532-1518-420F-96F3-A27C45FB3F06}"
EndProject
Project("{FAE04EC0-301F-11D3-BF4B-00C04F79EFBC}") = "UniAppKids.Database", "Uni-AppKids.Database\UniAppKids.Database.csproj", "{BB14B4BE-D4CB-4F5F-8725-190BD919BF34}"
EndProject
Project("{FAE04EC0-301F-11D3-BF4B-00C04F79EFBC}") = "UniAppKids.Application", "Uni-AppKids.Application\UniAppKids.Application.csproj", "{30318A51-77E5-430D-BC63-3DADDCE80781}"
EndProject
Project("{FAE04EC0-301F-11D3-BF4B-00C04F79EFBC}") = "UniAppKids.Application.Test", "..\LearnSchoolApp\LearnSchool.Infrastructure.EntityFrameWork_Test\UniAppKids.Application.Test.csproj", "{4E04B5CE-F5F3-444E-BC2F-5C695FAF40FA}"
EndProject
Global
	GlobalSection(SolutionConfigurationPlatforms) = preSolution
		Debug|Any CPU = Debug|Any CPU
		Release|Any CPU = Release|Any CPU
	EndGlobalSection
	GlobalSection(ProjectConfigurationPlatforms) = postSolution
		{9B8BF380-7F42-4F02-8107-2C03CA88527C}.Debug|Any CPU.ActiveCfg = Debug|Any CPU
		{9B8BF380-7F42-4F02-8107-2C03CA88527C}.Debug|Any CPU.Build.0 = Debug|Any CPU
		{9B8BF380-7F42-4F02-8107-2C03CA88527C}.Release|Any CPU.ActiveCfg = Release|Any CPU
		{9B8BF380-7F42-4F02-8107-2C03CA88527C}.Release|Any CPU.Build.0 = Release|Any CPU
		{3DB56532-1518-420F-96F3-A27C45FB3F06}.Debug|Any CPU.ActiveCfg = Debug|Any CPU
		{3DB56532-1518-420F-96F3-A27C45FB3F06}.Debug|Any CPU.Build.0 = Debug|Any CPU
		{3DB56532-1518-420F-96F3-A27C45FB3F06}.Release|Any CPU.ActiveCfg = Release|Any CPU
		{3DB56532-1518-420F-96F3-A27C45FB3F06}.Release|Any CPU.Build.0 = Release|Any CPU
		{BB14B4BE-D4CB-4F5F-8725-190BD919BF34}.Debug|Any CPU.ActiveCfg = Debug|Any CPU
		{BB14B4BE-D4CB-4F5F-8725-190BD919BF34}.Debug|Any CPU.Build.0 = Debug|Any CPU
		{BB14B4BE-D4CB-4F5F-8725-190BD919BF34}.Release|Any CPU.ActiveCfg = Release|Any CPU
		{BB14B4BE-D4CB-4F5F-8725-190BD919BF34}.Release|Any CPU.Build.0 = Release|Any CPU
		{30318A51-77E5-430D-BC63-3DADDCE80781}.Debug|Any CPU.ActiveCfg = Debug|Any CPU
		{30318A51-77E5-430D-BC63-3DADDCE80781}.Debug|Any CPU.Build.0 = Debug|Any CPU
		{30318A51-77E5-430D-BC63-3DADDCE80781}.Release|Any CPU.ActiveCfg = Release|Any CPU
		{30318A51-77E5-430D-BC63-3DADDCE80781}.Release|Any CPU.Build.0 = Release|Any CPU
		{4E04B5CE-F5F3-444E-BC2F-5C695FAF40FA}.Debug|Any CPU.ActiveCfg = Debug|Any CPU
		{4E04B5CE-F5F3-444E-BC2F-5C695FAF40FA}.Debug|Any CPU.Build.0 = Debug|Any CPU
		{4E04B5CE-F5F3-444E-BC2F-5C695FAF40FA}.Release|Any CPU.ActiveCfg = Release|Any CPU
		{4E04B5CE-F5F3-444E-BC2F-5C695FAF40FA}.Release|Any CPU.Build.0 = Release|Any CPU
	EndGlobalSection
	GlobalSection(SolutionProperties) = preSolution
		HideSolutionNode = FALSE
	EndGlobalSection
EndGlobal
